%{"conform": {:hex, :conform, "2.1.1", "8e31fdf84e7bc4bf09aaab1de9f231d611fb39f58463c67f4dcf1803c78a4222", [:mix], [{:neotoma, "~> 1.7.3", [hex: :neotoma, optional: false]}]},
  "distillery": {:git, "https://github.com/bitwalker/distillery.git", "2de0611ab6ebecf8c32d5e5ce793a5e6bf112145", []},
  "exirc": {:git, "https://github.com/bitwalker/exirc.git", "daf1bef3a4dca08fdd589d2980a52a09883251f2", []},
  "gen_stage": {:hex, :gen_stage, "0.8.0", "a76e3f0530f86fae8b8a1021c06527b1ec171cf4c0bdfecd8d5ad0376d1205af", [:mix], []},
  "ibrowse": {:hex, :ibrowse, "4.2.2", "b32b5bafcc77b7277eff030ed32e1acc3f610c64e9f6aea19822abcadf681b4b", [:rebar3], []},
  "neotoma": {:hex, :neotoma, "1.7.3", "d8bd5404b73273989946e4f4f6d529e5c2088f5fa1ca790b4dbe81f4be408e61", [:rebar], []},
  "poison": {:hex, :poison, "3.0.0", "625ebd64d33ae2e65201c2c14d6c85c27cc8b68f2d0dd37828fde9c6920dd131", [:mix], []},
  "tesla": {:hex, :tesla, "0.5.2", "614297046c638b8c1695e8b6e63e6bffd107c07a67e4cb8cc4bb46598be735f1", [:mix], [{:exjsx, ">= 0.1.0", [hex: :exjsx, optional: true]}, {:hackney, "~> 1.6.0", [hex: :hackney, optional: true]}, {:ibrowse, "~> 4.2", [hex: :ibrowse, optional: true]}, {:poison, ">= 1.0.0", [hex: :poison, optional: true]}]}}
